
Microsoft Visual Studio Solution File, Format Version 12.00
# Visual Studio Version 17
VisualStudioVersion = 17.10.35122.118
MinimumVisualStudioVersion = 10.0.40219.1
Project("{9A19103F-16F7-4668-BE54-9A1E7A4F7556}") = "ShippinRate", "src\ShippinRate.csproj", "{F1823741-3BCB-457C-ABA6-50CDE2CCB033}"
EndProject
Project("{FAE04EC0-301F-11D3-BF4B-00C04F79EFBC}") = "tests", "tests\tests.csproj", "{EB3402BD-9793-4108-B7B7-208FD11FA72C}"
EndProject
Global
	GlobalSection(SolutionConfigurationPlatforms) = preSolution
		Debug|Any CPU = Debug|Any CPU
		Release|Any CPU = Release|Any CPU
	EndGlobalSection
	GlobalSection(ProjectConfigurationPlatforms) = postSolution
		{F1823741-3BCB-457C-ABA6-50CDE2CCB033}.Debug|Any CPU.ActiveCfg = Debug|Any CPU
		{F1823741-3BCB-457C-ABA6-50CDE2CCB033}.Debug|Any CPU.Build.0 = Debug|Any CPU
		{F1823741-3BCB-457C-ABA6-50CDE2CCB033}.Release|Any CPU.ActiveCfg = Release|Any CPU
		{F1823741-3BCB-457C-ABA6-50CDE2CCB033}.Release|Any CPU.Build.0 = Release|Any CPU
		{EB3402BD-9793-4108-B7B7-208FD11FA72C}.Debug|Any CPU.ActiveCfg = Debug|Any CPU
		{EB3402BD-9793-4108-B7B7-208FD11FA72C}.Debug|Any CPU.Build.0 = Debug|Any CPU
		{EB3402BD-9793-4108-B7B7-208FD11FA72C}.Release|Any CPU.ActiveCfg = Release|Any CPU
		{EB3402BD-9793-4108-B7B7-208FD11FA72C}.Release|Any CPU.Build.0 = Release|Any CPU
	EndGlobalSection
	GlobalSection(SolutionProperties) = preSolution
		HideSolutionNode = FALSE
	EndGlobalSection
	GlobalSection(ExtensibilityGlobals) = postSolution
		SolutionGuid = {3CA1E121-3BA3-4A8C-9CB9-7980D4E2F003}
	EndGlobalSection
EndGlobal
